
Microsoft Visual Studio Solution File, Format Version 12.00
# Visual Studio Version 17
VisualStudioVersion = 17.11.35327.3
MinimumVisualStudioVersion = 10.0.40219.1
Project("{FAE04EC0-301F-11D3-BF4B-00C04F79EFBC}") = "ConsoleApp18", "ConsoleApp18.csproj", "{17A686D8-1D1B-461A-9143-38A4AE3DA3A6}"
EndProject
Global
	GlobalSection(SolutionConfigurationPlatforms) = preSolution
		Debug|Any CPU = Debug|Any CPU
		Release|Any CPU = Release|Any CPU
	EndGlobalSection
	GlobalSection(ProjectConfigurationPlatforms) = postSolution
		{17A686D8-1D1B-461A-9143-38A4AE3DA3A6}.Debug|Any CPU.ActiveCfg = Debug|Any CPU
		{17A686D8-1D1B-461A-9143-38A4AE3DA3A6}.Debug|Any CPU.Build.0 = Debug|Any CPU
		{17A686D8-1D1B-461A-9143-38A4AE3DA3A6}.Release|Any CPU.ActiveCfg = Release|Any CPU
		{17A686D8-1D1B-461A-9143-38A4AE3DA3A6}.Release|Any CPU.Build.0 = Release|Any CPU
	EndGlobalSection
	GlobalSection(SolutionProperties) = preSolution
		HideSolutionNode = FALSE
	EndGlobalSection
	GlobalSection(ExtensibilityGlobals) = postSolution
		SolutionGuid = {DAE74EA0-93CA-4A7D-860B-E93C658A0284}
	EndGlobalSection
EndGlobal
