
Microsoft Visual Studio Solution File, Format Version 12.00
# Visual Studio Version 17
VisualStudioVersion = 17.11.35327.3
MinimumVisualStudioVersion = 10.0.40219.1
Project("{FAE04EC0-301F-11D3-BF4B-00C04F79EFBC}") = "ConsoleApp14", "ConsoleApp14.csproj", "{A5865395-13C2-452F-895D-1B9A01BBB114}"
EndProject
Global
	GlobalSection(SolutionConfigurationPlatforms) = preSolution
		Debug|Any CPU = Debug|Any CPU
		Release|Any CPU = Release|Any CPU
	EndGlobalSection
	GlobalSection(ProjectConfigurationPlatforms) = postSolution
		{A5865395-13C2-452F-895D-1B9A01BBB114}.Debug|Any CPU.ActiveCfg = Debug|Any CPU
		{A5865395-13C2-452F-895D-1B9A01BBB114}.Debug|Any CPU.Build.0 = Debug|Any CPU
		{A5865395-13C2-452F-895D-1B9A01BBB114}.Release|Any CPU.ActiveCfg = Release|Any CPU
		{A5865395-13C2-452F-895D-1B9A01BBB114}.Release|Any CPU.Build.0 = Release|Any CPU
	EndGlobalSection
	GlobalSection(SolutionProperties) = preSolution
		HideSolutionNode = FALSE
	EndGlobalSection
	GlobalSection(ExtensibilityGlobals) = postSolution
		SolutionGuid = {F9D48D4F-0BE5-4B0A-A11F-D38F5F19E37C}
	EndGlobalSection
EndGlobal
